
Microsoft Visual Studio Solution File, Format Version 12.00
# Visual Studio Version 17
VisualStudioVersion = 17.9.34616.47
MinimumVisualStudioVersion = 10.0.40219.1
Project("{FAE04EC0-301F-11D3-BF4B-00C04F79EFBC}") = "Part001", "Part001\Part001.csproj", "{8860D259-6131-4F70-AE11-1495D75A2912}"
EndProject
Project("{FAE04EC0-301F-11D3-BF4B-00C04F79EFBC}") = "Part002", "Part002\Part002.csproj", "{ADF91397-C95F-4A45-AA86-78DC4CFF6EDB}"
EndProject
Global
	GlobalSection(SolutionConfigurationPlatforms) = preSolution
		Debug|Any CPU = Debug|Any CPU
		Release|Any CPU = Release|Any CPU
	EndGlobalSection
	GlobalSection(ProjectConfigurationPlatforms) = postSolution
		{8860D259-6131-4F70-AE11-1495D75A2912}.Debug|Any CPU.ActiveCfg = Debug|Any CPU
		{8860D259-6131-4F70-AE11-1495D75A2912}.Debug|Any CPU.Build.0 = Debug|Any CPU
		{8860D259-6131-4F70-AE11-1495D75A2912}.Release|Any CPU.ActiveCfg = Release|Any CPU
		{8860D259-6131-4F70-AE11-1495D75A2912}.Release|Any CPU.Build.0 = Release|Any CPU
		{ADF91397-C95F-4A45-AA86-78DC4CFF6EDB}.Debug|Any CPU.ActiveCfg = Debug|Any CPU
		{ADF91397-C95F-4A45-AA86-78DC4CFF6EDB}.Debug|Any CPU.Build.0 = Debug|Any CPU
		{ADF91397-C95F-4A45-AA86-78DC4CFF6EDB}.Release|Any CPU.ActiveCfg = Release|Any CPU
		{ADF91397-C95F-4A45-AA86-78DC4CFF6EDB}.Release|Any CPU.Build.0 = Release|Any CPU
	EndGlobalSection
	GlobalSection(SolutionProperties) = preSolution
		HideSolutionNode = FALSE
	EndGlobalSection
	GlobalSection(ExtensibilityGlobals) = postSolution
		SolutionGuid = {A270587F-5E7F-451C-8521-C566D4D6DEB2}
	EndGlobalSection
EndGlobal
