
Microsoft Visual Studio Solution File, Format Version 12.00
# Visual Studio Version 17
VisualStudioVersion = 17.9.34616.47
MinimumVisualStudioVersion = 10.0.40219.1
Project("{FAE04EC0-301F-11D3-BF4B-00C04F79EFBC}") = "Part001", "Part001\Part001.csproj", "{8860D259-6131-4F70-AE11-1495D75A2912}"
EndProject
Project("{FAE04EC0-301F-11D3-BF4B-00C04F79EFBC}") = "Part002", "Part002\Part002.csproj", "{ADF91397-C95F-4A45-AA86-78DC4CFF6EDB}"
EndProject
Project("{FAE04EC0-301F-11D3-BF4B-00C04F79EFBC}") = "Part003", "Part003\Part003.csproj", "{F293404E-D430-468D-9C7A-F2986E3EDBBF}"
EndProject
Project("{FAE04EC0-301F-11D3-BF4B-00C04F79EFBC}") = "Part004", "Part004\Part004.csproj", "{5E253574-1094-4520-963E-B67C6027CD5C}"
EndProject
Project("{FAE04EC0-301F-11D3-BF4B-00C04F79EFBC}") = "Part005", "Part005\Part005.csproj", "{4A9582AF-9589-4E73-857B-040307E84ED2}"
EndProject
Project("{FAE04EC0-301F-11D3-BF4B-00C04F79EFBC}") = "Part006", "Part006\Part006.csproj", "{107D7824-89A9-4409-83BB-DB5BC868989C}"
EndProject
Project("{FAE04EC0-301F-11D3-BF4B-00C04F79EFBC}") = "Part007", "Part007\Part007.csproj", "{D35D5100-9C5D-4053-A33D-6D47448AD5BF}"
EndProject
Global
	GlobalSection(SolutionConfigurationPlatforms) = preSolution
		Debug|Any CPU = Debug|Any CPU
		Release|Any CPU = Release|Any CPU
	EndGlobalSection
	GlobalSection(ProjectConfigurationPlatforms) = postSolution
		{8860D259-6131-4F70-AE11-1495D75A2912}.Debug|Any CPU.ActiveCfg = Debug|Any CPU
		{8860D259-6131-4F70-AE11-1495D75A2912}.Debug|Any CPU.Build.0 = Debug|Any CPU
		{8860D259-6131-4F70-AE11-1495D75A2912}.Release|Any CPU.ActiveCfg = Release|Any CPU
		{8860D259-6131-4F70-AE11-1495D75A2912}.Release|Any CPU.Build.0 = Release|Any CPU
		{ADF91397-C95F-4A45-AA86-78DC4CFF6EDB}.Debug|Any CPU.ActiveCfg = Debug|Any CPU
		{ADF91397-C95F-4A45-AA86-78DC4CFF6EDB}.Debug|Any CPU.Build.0 = Debug|Any CPU
		{ADF91397-C95F-4A45-AA86-78DC4CFF6EDB}.Release|Any CPU.ActiveCfg = Release|Any CPU
		{ADF91397-C95F-4A45-AA86-78DC4CFF6EDB}.Release|Any CPU.Build.0 = Release|Any CPU
		{F293404E-D430-468D-9C7A-F2986E3EDBBF}.Debug|Any CPU.ActiveCfg = Debug|Any CPU
		{F293404E-D430-468D-9C7A-F2986E3EDBBF}.Debug|Any CPU.Build.0 = Debug|Any CPU
		{F293404E-D430-468D-9C7A-F2986E3EDBBF}.Release|Any CPU.ActiveCfg = Release|Any CPU
		{F293404E-D430-468D-9C7A-F2986E3EDBBF}.Release|Any CPU.Build.0 = Release|Any CPU
		{5E253574-1094-4520-963E-B67C6027CD5C}.Debug|Any CPU.ActiveCfg = Debug|Any CPU
		{5E253574-1094-4520-963E-B67C6027CD5C}.Debug|Any CPU.Build.0 = Debug|Any CPU
		{5E253574-1094-4520-963E-B67C6027CD5C}.Release|Any CPU.ActiveCfg = Release|Any CPU
		{5E253574-1094-4520-963E-B67C6027CD5C}.Release|Any CPU.Build.0 = Release|Any CPU
		{4A9582AF-9589-4E73-857B-040307E84ED2}.Debug|Any CPU.ActiveCfg = Debug|Any CPU
		{4A9582AF-9589-4E73-857B-040307E84ED2}.Debug|Any CPU.Build.0 = Debug|Any CPU
		{4A9582AF-9589-4E73-857B-040307E84ED2}.Release|Any CPU.ActiveCfg = Release|Any CPU
		{4A9582AF-9589-4E73-857B-040307E84ED2}.Release|Any CPU.Build.0 = Release|Any CPU
		{107D7824-89A9-4409-83BB-DB5BC868989C}.Debug|Any CPU.ActiveCfg = Debug|Any CPU
		{107D7824-89A9-4409-83BB-DB5BC868989C}.Debug|Any CPU.Build.0 = Debug|Any CPU
		{107D7824-89A9-4409-83BB-DB5BC868989C}.Release|Any CPU.ActiveCfg = Release|Any CPU
		{107D7824-89A9-4409-83BB-DB5BC868989C}.Release|Any CPU.Build.0 = Release|Any CPU
		{D35D5100-9C5D-4053-A33D-6D47448AD5BF}.Debug|Any CPU.ActiveCfg = Debug|Any CPU
		{D35D5100-9C5D-4053-A33D-6D47448AD5BF}.Debug|Any CPU.Build.0 = Debug|Any CPU
		{D35D5100-9C5D-4053-A33D-6D47448AD5BF}.Release|Any CPU.ActiveCfg = Release|Any CPU
		{D35D5100-9C5D-4053-A33D-6D47448AD5BF}.Release|Any CPU.Build.0 = Release|Any CPU
	EndGlobalSection
	GlobalSection(SolutionProperties) = preSolution
		HideSolutionNode = FALSE
	EndGlobalSection
	GlobalSection(ExtensibilityGlobals) = postSolution
		SolutionGuid = {A270587F-5E7F-451C-8521-C566D4D6DEB2}
	EndGlobalSection
EndGlobal
