
Microsoft Visual Studio Solution File, Format Version 12.00
# Visual Studio Version 17
VisualStudioVersion = 17.9.34701.34
MinimumVisualStudioVersion = 10.0.40219.1
Project("{FAE04EC0-301F-11D3-BF4B-00C04F79EFBC}") = "App1.UWP", "App1\App1.UWP\App1.UWP.csproj", "{CF3E451E-E001-42C1-AC99-1D17D4A91B77}"
EndProject
Project("{FAE04EC0-301F-11D3-BF4B-00C04F79EFBC}") = "App1.Android", "App1\App1.Android\App1.Android.csproj", "{2AB8508C-49EA-48ED-98A9-84805B3E62E0}"
EndProject
Project("{FAE04EC0-301F-11D3-BF4B-00C04F79EFBC}") = "App1.iOS", "App1\App1.iOS\App1.iOS.csproj", "{BA2BB8C0-B616-4D62-BDE2-7F4EDB2EB74E}"
EndProject
Project("{FAE04EC0-301F-11D3-BF4B-00C04F79EFBC}") = "App1", "App1\App1\App1.csproj", "{A8C04345-F23F-4080-8759-D13C08D21DE7}"
EndProject
Global
	GlobalSection(SolutionConfigurationPlatforms) = preSolution
		Debug|Any CPU = Debug|Any CPU
		Debug|ARM = Debug|ARM
		Debug|iPhone = Debug|iPhone
		Debug|iPhoneSimulator = Debug|iPhoneSimulator
		Debug|x64 = Debug|x64
		Debug|x86 = Debug|x86
		Release|Any CPU = Release|Any CPU
		Release|ARM = Release|ARM
		Release|iPhone = Release|iPhone
		Release|iPhoneSimulator = Release|iPhoneSimulator
		Release|x64 = Release|x64
		Release|x86 = Release|x86
	EndGlobalSection
	GlobalSection(ProjectConfigurationPlatforms) = postSolution
		{CF3E451E-E001-42C1-AC99-1D17D4A91B77}.Debug|Any CPU.ActiveCfg = Debug|x64
		{CF3E451E-E001-42C1-AC99-1D17D4A91B77}.Debug|ARM.ActiveCfg = Debug|ARM
		{CF3E451E-E001-42C1-AC99-1D17D4A91B77}.Debug|ARM.Build.0 = Debug|ARM
		{CF3E451E-E001-42C1-AC99-1D17D4A91B77}.Debug|ARM.Deploy.0 = Debug|ARM
		{CF3E451E-E001-42C1-AC99-1D17D4A91B77}.Debug|iPhone.ActiveCfg = Debug|x64
		{CF3E451E-E001-42C1-AC99-1D17D4A91B77}.Debug|iPhoneSimulator.ActiveCfg = Debug|x64
		{CF3E451E-E001-42C1-AC99-1D17D4A91B77}.Debug|x64.ActiveCfg = Debug|x64
		{CF3E451E-E001-42C1-AC99-1D17D4A91B77}.Debug|x64.Build.0 = Debug|x64
		{CF3E451E-E001-42C1-AC99-1D17D4A91B77}.Debug|x64.Deploy.0 = Debug|x64
		{CF3E451E-E001-42C1-AC99-1D17D4A91B77}.Debug|x86.ActiveCfg = Debug|x86
		{CF3E451E-E001-42C1-AC99-1D17D4A91B77}.Debug|x86.Build.0 = Debug|x86
		{CF3E451E-E001-42C1-AC99-1D17D4A91B77}.Debug|x86.Deploy.0 = Debug|x86
		{CF3E451E-E001-42C1-AC99-1D17D4A91B77}.Release|Any CPU.ActiveCfg = Release|x64
		{CF3E451E-E001-42C1-AC99-1D17D4A91B77}.Release|ARM.ActiveCfg = Release|ARM
		{CF3E451E-E001-42C1-AC99-1D17D4A91B77}.Release|ARM.Build.0 = Release|ARM
		{CF3E451E-E001-42C1-AC99-1D17D4A91B77}.Release|ARM.Deploy.0 = Release|ARM
		{CF3E451E-E001-42C1-AC99-1D17D4A91B77}.Release|iPhone.ActiveCfg = Release|x64
		{CF3E451E-E001-42C1-AC99-1D17D4A91B77}.Release|iPhoneSimulator.ActiveCfg = Release|x64
		{CF3E451E-E001-42C1-AC99-1D17D4A91B77}.Release|x64.ActiveCfg = Release|x64
		{CF3E451E-E001-42C1-AC99-1D17D4A91B77}.Release|x64.Build.0 = Release|x64
		{CF3E451E-E001-42C1-AC99-1D17D4A91B77}.Release|x64.Deploy.0 = Release|x64
		{CF3E451E-E001-42C1-AC99-1D17D4A91B77}.Release|x86.ActiveCfg = Release|x86
		{CF3E451E-E001-42C1-AC99-1D17D4A91B77}.Release|x86.Build.0 = Release|x86
		{CF3E451E-E001-42C1-AC99-1D17D4A91B77}.Release|x86.Deploy.0 = Release|x86
		{2AB8508C-49EA-48ED-98A9-84805B3E62E0}.Debug|Any CPU.ActiveCfg = Debug|Any CPU
		{2AB8508C-49EA-48ED-98A9-84805B3E62E0}.Debug|Any CPU.Build.0 = Debug|Any CPU
		{2AB8508C-49EA-48ED-98A9-84805B3E62E0}.Debug|Any CPU.Deploy.0 = Debug|Any CPU
		{2AB8508C-49EA-48ED-98A9-84805B3E62E0}.Debug|ARM.ActiveCfg = Debug|Any CPU
		{2AB8508C-49EA-48ED-98A9-84805B3E62E0}.Debug|ARM.Build.0 = Debug|Any CPU
		{2AB8508C-49EA-48ED-98A9-84805B3E62E0}.Debug|ARM.Deploy.0 = Debug|Any CPU
		{2AB8508C-49EA-48ED-98A9-84805B3E62E0}.Debug|iPhone.ActiveCfg = Debug|Any CPU
		{2AB8508C-49EA-48ED-98A9-84805B3E62E0}.Debug|iPhone.Build.0 = Debug|Any CPU
		{2AB8508C-49EA-48ED-98A9-84805B3E62E0}.Debug|iPhone.Deploy.0 = Debug|Any CPU
		{2AB8508C-49EA-48ED-98A9-84805B3E62E0}.Debug|iPhoneSimulator.ActiveCfg = Debug|Any CPU
		{2AB8508C-49EA-48ED-98A9-84805B3E62E0}.Debug|iPhoneSimulator.Build.0 = Debug|Any CPU
		{2AB8508C-49EA-48ED-98A9-84805B3E62E0}.Debug|iPhoneSimulator.Deploy.0 = Debug|Any CPU
		{2AB8508C-49EA-48ED-98A9-84805B3E62E0}.Debug|x64.ActiveCfg = Debug|Any CPU
		{2AB8508C-49EA-48ED-98A9-84805B3E62E0}.Debug|x64.Build.0 = Debug|Any CPU
		{2AB8508C-49EA-48ED-98A9-84805B3E62E0}.Debug|x64.Deploy.0 = Debug|Any CPU
		{2AB8508C-49EA-48ED-98A9-84805B3E62E0}.Debug|x86.ActiveCfg = Debug|Any CPU
		{2AB8508C-49EA-48ED-98A9-84805B3E62E0}.Debug|x86.Build.0 = Debug|Any CPU
		{2AB8508C-49EA-48ED-98A9-84805B3E62E0}.Debug|x86.Deploy.0 = Debug|Any CPU
		{2AB8508C-49EA-48ED-98A9-84805B3E62E0}.Release|Any CPU.ActiveCfg = Release|Any CPU
		{2AB8508C-49EA-48ED-98A9-84805B3E62E0}.Release|Any CPU.Build.0 = Release|Any CPU
		{2AB8508C-49EA-48ED-98A9-84805B3E62E0}.Release|Any CPU.Deploy.0 = Release|Any CPU
		{2AB8508C-49EA-48ED-98A9-84805B3E62E0}.Release|ARM.ActiveCfg = Release|Any CPU
		{2AB8508C-49EA-48ED-98A9-84805B3E62E0}.Release|ARM.Build.0 = Release|Any CPU
		{2AB8508C-49EA-48ED-98A9-84805B3E62E0}.Release|ARM.Deploy.0 = Release|Any CPU
		{2AB8508C-49EA-48ED-98A9-84805B3E62E0}.Release|iPhone.ActiveCfg = Release|Any CPU
		{2AB8508C-49EA-48ED-98A9-84805B3E62E0}.Release|iPhone.Build.0 = Release|Any CPU
		{2AB8508C-49EA-48ED-98A9-84805B3E62E0}.Release|iPhone.Deploy.0 = Release|Any CPU
		{2AB8508C-49EA-48ED-98A9-84805B3E62E0}.Release|iPhoneSimulator.ActiveCfg = Release|Any CPU
		{2AB8508C-49EA-48ED-98A9-84805B3E62E0}.Release|iPhoneSimulator.Build.0 = Release|Any CPU
		{2AB8508C-49EA-48ED-98A9-84805B3E62E0}.Release|iPhoneSimulator.Deploy.0 = Release|Any CPU
		{2AB8508C-49EA-48ED-98A9-84805B3E62E0}.Release|x64.ActiveCfg = Release|Any CPU
		{2AB8508C-49EA-48ED-98A9-84805B3E62E0}.Release|x64.Build.0 = Release|Any CPU
		{2AB8508C-49EA-48ED-98A9-84805B3E62E0}.Release|x64.Deploy.0 = Release|Any CPU
		{2AB8508C-49EA-48ED-98A9-84805B3E62E0}.Release|x86.ActiveCfg = Release|Any CPU
		{2AB8508C-49EA-48ED-98A9-84805B3E62E0}.Release|x86.Build.0 = Release|Any CPU
		{2AB8508C-49EA-48ED-98A9-84805B3E62E0}.Release|x86.Deploy.0 = Release|Any CPU
		{BA2BB8C0-B616-4D62-BDE2-7F4EDB2EB74E}.Debug|Any CPU.ActiveCfg = Debug|iPhone
		{BA2BB8C0-B616-4D62-BDE2-7F4EDB2EB74E}.Debug|Any CPU.Build.0 = Debug|iPhone
		{BA2BB8C0-B616-4D62-BDE2-7F4EDB2EB74E}.Debug|Any CPU.Deploy.0 = Debug|iPhone
		{BA2BB8C0-B616-4D62-BDE2-7F4EDB2EB74E}.Debug|ARM.ActiveCfg = Debug|iPhoneSimulator
		{BA2BB8C0-B616-4D62-BDE2-7F4EDB2EB74E}.Debug|ARM.Build.0 = Debug|iPhoneSimulator
		{BA2BB8C0-B616-4D62-BDE2-7F4EDB2EB74E}.Debug|ARM.Deploy.0 = Debug|iPhoneSimulator
		{BA2BB8C0-B616-4D62-BDE2-7F4EDB2EB74E}.Debug|iPhone.ActiveCfg = Debug|iPhone
		{BA2BB8C0-B616-4D62-BDE2-7F4EDB2EB74E}.Debug|iPhone.Build.0 = Debug|iPhone
		{BA2BB8C0-B616-4D62-BDE2-7F4EDB2EB74E}.Debug|iPhone.Deploy.0 = Debug|iPhone
		{BA2BB8C0-B616-4D62-BDE2-7F4EDB2EB74E}.Debug|iPhoneSimulator.ActiveCfg = Debug|iPhoneSimulator
		{BA2BB8C0-B616-4D62-BDE2-7F4EDB2EB74E}.Debug|iPhoneSimulator.Build.0 = Debug|iPhoneSimulator
		{BA2BB8C0-B616-4D62-BDE2-7F4EDB2EB74E}.Debug|iPhoneSimulator.Deploy.0 = Debug|iPhoneSimulator
		{BA2BB8C0-B616-4D62-BDE2-7F4EDB2EB74E}.Debug|x64.ActiveCfg = Debug|iPhoneSimulator
		{BA2BB8C0-B616-4D62-BDE2-7F4EDB2EB74E}.Debug|x64.Build.0 = Debug|iPhoneSimulator
		{BA2BB8C0-B616-4D62-BDE2-7F4EDB2EB74E}.Debug|x64.Deploy.0 = Debug|iPhoneSimulator
		{BA2BB8C0-B616-4D62-BDE2-7F4EDB2EB74E}.Debug|x86.ActiveCfg = Debug|iPhoneSimulator
		{BA2BB8C0-B616-4D62-BDE2-7F4EDB2EB74E}.Debug|x86.Build.0 = Debug|iPhoneSimulator
		{BA2BB8C0-B616-4D62-BDE2-7F4EDB2EB74E}.Debug|x86.Deploy.0 = Debug|iPhoneSimulator
		{BA2BB8C0-B616-4D62-BDE2-7F4EDB2EB74E}.Release|Any CPU.ActiveCfg = Release|iPhoneSimulator
		{BA2BB8C0-B616-4D62-BDE2-7F4EDB2EB74E}.Release|Any CPU.Build.0 = Release|iPhoneSimulator
		{BA2BB8C0-B616-4D62-BDE2-7F4EDB2EB74E}.Release|Any CPU.Deploy.0 = Release|iPhoneSimulator
		{BA2BB8C0-B616-4D62-BDE2-7F4EDB2EB74E}.Release|ARM.ActiveCfg = Release|iPhoneSimulator
		{BA2BB8C0-B616-4D62-BDE2-7F4EDB2EB74E}.Release|ARM.Build.0 = Release|iPhoneSimulator
		{BA2BB8C0-B616-4D62-BDE2-7F4EDB2EB74E}.Release|ARM.Deploy.0 = Release|iPhoneSimulator
		{BA2BB8C0-B616-4D62-BDE2-7F4EDB2EB74E}.Release|iPhone.ActiveCfg = Release|iPhone
		{BA2BB8C0-B616-4D62-BDE2-7F4EDB2EB74E}.Release|iPhone.Build.0 = Release|iPhone
		{BA2BB8C0-B616-4D62-BDE2-7F4EDB2EB74E}.Release|iPhone.Deploy.0 = Release|iPhone
		{BA2BB8C0-B616-4D62-BDE2-7F4EDB2EB74E}.Release|iPhoneSimulator.ActiveCfg = Release|iPhoneSimulator
		{BA2BB8C0-B616-4D62-BDE2-7F4EDB2EB74E}.Release|iPhoneSimulator.Build.0 = Release|iPhoneSimulator
		{BA2BB8C0-B616-4D62-BDE2-7F4EDB2EB74E}.Release|iPhoneSimulator.Deploy.0 = Release|iPhoneSimulator
		{BA2BB8C0-B616-4D62-BDE2-7F4EDB2EB74E}.Release|x64.ActiveCfg = Release|iPhoneSimulator
		{BA2BB8C0-B616-4D62-BDE2-7F4EDB2EB74E}.Release|x64.Build.0 = Release|iPhoneSimulator
		{BA2BB8C0-B616-4D62-BDE2-7F4EDB2EB74E}.Release|x64.Deploy.0 = Release|iPhoneSimulator
		{BA2BB8C0-B616-4D62-BDE2-7F4EDB2EB74E}.Release|x86.ActiveCfg = Release|iPhoneSimulator
		{BA2BB8C0-B616-4D62-BDE2-7F4EDB2EB74E}.Release|x86.Build.0 = Release|iPhoneSimulator
		{BA2BB8C0-B616-4D62-BDE2-7F4EDB2EB74E}.Release|x86.Deploy.0 = Release|iPhoneSimulator
		{A8C04345-F23F-4080-8759-D13C08D21DE7}.Debug|Any CPU.ActiveCfg = Debug|Any CPU
		{A8C04345-F23F-4080-8759-D13C08D21DE7}.Debug|Any CPU.Build.0 = Debug|Any CPU
		{A8C04345-F23F-4080-8759-D13C08D21DE7}.Debug|Any CPU.Deploy.0 = Debug|Any CPU
		{A8C04345-F23F-4080-8759-D13C08D21DE7}.Debug|ARM.ActiveCfg = Debug|Any CPU
		{A8C04345-F23F-4080-8759-D13C08D21DE7}.Debug|ARM.Build.0 = Debug|Any CPU
		{A8C04345-F23F-4080-8759-D13C08D21DE7}.Debug|ARM.Deploy.0 = Debug|Any CPU
		{A8C04345-F23F-4080-8759-D13C08D21DE7}.Debug|iPhone.ActiveCfg = Debug|Any CPU
		{A8C04345-F23F-4080-8759-D13C08D21DE7}.Debug|iPhone.Build.0 = Debug|Any CPU
		{A8C04345-F23F-4080-8759-D13C08D21DE7}.Debug|iPhone.Deploy.0 = Debug|Any CPU
		{A8C04345-F23F-4080-8759-D13C08D21DE7}.Debug|iPhoneSimulator.ActiveCfg = Debug|Any CPU
		{A8C04345-F23F-4080-8759-D13C08D21DE7}.Debug|iPhoneSimulator.Build.0 = Debug|Any CPU
		{A8C04345-F23F-4080-8759-D13C08D21DE7}.Debug|iPhoneSimulator.Deploy.0 = Debug|Any CPU
		{A8C04345-F23F-4080-8759-D13C08D21DE7}.Debug|x64.ActiveCfg = Debug|Any CPU
		{A8C04345-F23F-4080-8759-D13C08D21DE7}.Debug|x64.Build.0 = Debug|Any CPU
		{A8C04345-F23F-4080-8759-D13C08D21DE7}.Debug|x64.Deploy.0 = Debug|Any CPU
		{A8C04345-F23F-4080-8759-D13C08D21DE7}.Debug|x86.ActiveCfg = Debug|Any CPU
		{A8C04345-F23F-4080-8759-D13C08D21DE7}.Debug|x86.Build.0 = Debug|Any CPU
		{A8C04345-F23F-4080-8759-D13C08D21DE7}.Debug|x86.Deploy.0 = Debug|Any CPU
		{A8C04345-F23F-4080-8759-D13C08D21DE7}.Release|Any CPU.ActiveCfg = Release|Any CPU
		{A8C04345-F23F-4080-8759-D13C08D21DE7}.Release|Any CPU.Build.0 = Release|Any CPU
		{A8C04345-F23F-4080-8759-D13C08D21DE7}.Release|Any CPU.Deploy.0 = Release|Any CPU
		{A8C04345-F23F-4080-8759-D13C08D21DE7}.Release|ARM.ActiveCfg = Release|Any CPU
		{A8C04345-F23F-4080-8759-D13C08D21DE7}.Release|ARM.Build.0 = Release|Any CPU
		{A8C04345-F23F-4080-8759-D13C08D21DE7}.Release|ARM.Deploy.0 = Release|Any CPU
		{A8C04345-F23F-4080-8759-D13C08D21DE7}.Release|iPhone.ActiveCfg = Release|Any CPU
		{A8C04345-F23F-4080-8759-D13C08D21DE7}.Release|iPhone.Build.0 = Release|Any CPU
		{A8C04345-F23F-4080-8759-D13C08D21DE7}.Release|iPhone.Deploy.0 = Release|Any CPU
		{A8C04345-F23F-4080-8759-D13C08D21DE7}.Release|iPhoneSimulator.ActiveCfg = Release|Any CPU
		{A8C04345-F23F-4080-8759-D13C08D21DE7}.Release|iPhoneSimulator.Build.0 = Release|Any CPU
		{A8C04345-F23F-4080-8759-D13C08D21DE7}.Release|iPhoneSimulator.Deploy.0 = Release|Any CPU
		{A8C04345-F23F-4080-8759-D13C08D21DE7}.Release|x64.ActiveCfg = Release|Any CPU
		{A8C04345-F23F-4080-8759-D13C08D21DE7}.Release|x64.Build.0 = Release|Any CPU
		{A8C04345-F23F-4080-8759-D13C08D21DE7}.Release|x64.Deploy.0 = Release|Any CPU
		{A8C04345-F23F-4080-8759-D13C08D21DE7}.Release|x86.ActiveCfg = Release|Any CPU
		{A8C04345-F23F-4080-8759-D13C08D21DE7}.Release|x86.Build.0 = Release|Any CPU
		{A8C04345-F23F-4080-8759-D13C08D21DE7}.Release|x86.Deploy.0 = Release|Any CPU
	EndGlobalSection
	GlobalSection(SolutionProperties) = preSolution
		HideSolutionNode = FALSE
	EndGlobalSection
	GlobalSection(ExtensibilityGlobals) = postSolution
		SolutionGuid = {93EF4B18-E9C9-4F6E-AF8D-B21DD8579F13}
	EndGlobalSection
EndGlobal
