
Microsoft Visual Studio Solution File, Format Version 12.00
# Visual Studio Version 17
VisualStudioVersion = 17.8.34525.116
MinimumVisualStudioVersion = 10.0.40219.1
Project("{FAE04EC0-301F-11D3-BF4B-00C04F79EFBC}") = "CalcularIMC", "CalcularIMC\CalcularIMC.csproj", "{726A10B6-1B1F-4687-B036-3DD15D74CDEC}"
EndProject
Global
	GlobalSection(SolutionConfigurationPlatforms) = preSolution
		Debug|Any CPU = Debug|Any CPU
		Release|Any CPU = Release|Any CPU
	EndGlobalSection
	GlobalSection(ProjectConfigurationPlatforms) = postSolution
		{726A10B6-1B1F-4687-B036-3DD15D74CDEC}.Debug|Any CPU.ActiveCfg = Debug|Any CPU
		{726A10B6-1B1F-4687-B036-3DD15D74CDEC}.Debug|Any CPU.Build.0 = Debug|Any CPU
		{726A10B6-1B1F-4687-B036-3DD15D74CDEC}.Release|Any CPU.ActiveCfg = Release|Any CPU
		{726A10B6-1B1F-4687-B036-3DD15D74CDEC}.Release|Any CPU.Build.0 = Release|Any CPU
	EndGlobalSection
	GlobalSection(SolutionProperties) = preSolution
		HideSolutionNode = FALSE
	EndGlobalSection
	GlobalSection(ExtensibilityGlobals) = postSolution
		SolutionGuid = {DB8089B7-D36D-41EB-BDFF-A6BA8526356D}
	EndGlobalSection
EndGlobal
