
Microsoft Visual Studio Solution File, Format Version 12.00
# Visual Studio Version 17
VisualStudioVersion = 17.8.34511.84
MinimumVisualStudioVersion = 10.0.40219.1
Project("{FAE04EC0-301F-11D3-BF4B-00C04F79EFBC}") = "ConversorTemperaturas", "ConversorTemperaturas\ConversorTemperaturas.csproj", "{866B2042-1E1E-4A06-B1A1-88A23AEBDA00}"
EndProject
Global
	GlobalSection(SolutionConfigurationPlatforms) = preSolution
		Debug|Any CPU = Debug|Any CPU
		Release|Any CPU = Release|Any CPU
	EndGlobalSection
	GlobalSection(ProjectConfigurationPlatforms) = postSolution
		{866B2042-1E1E-4A06-B1A1-88A23AEBDA00}.Debug|Any CPU.ActiveCfg = Debug|Any CPU
		{866B2042-1E1E-4A06-B1A1-88A23AEBDA00}.Debug|Any CPU.Build.0 = Debug|Any CPU
		{866B2042-1E1E-4A06-B1A1-88A23AEBDA00}.Release|Any CPU.ActiveCfg = Release|Any CPU
		{866B2042-1E1E-4A06-B1A1-88A23AEBDA00}.Release|Any CPU.Build.0 = Release|Any CPU
	EndGlobalSection
	GlobalSection(SolutionProperties) = preSolution
		HideSolutionNode = FALSE
	EndGlobalSection
	GlobalSection(ExtensibilityGlobals) = postSolution
		SolutionGuid = {EDA6E671-BBDD-4173-9740-386EDB693903}
	EndGlobalSection
EndGlobal
