
Microsoft Visual Studio Solution File, Format Version 12.00
# Visual Studio Version 17
VisualStudioVersion = 17.8.34525.116
MinimumVisualStudioVersion = 10.0.40219.1
Project("{FAE04EC0-301F-11D3-BF4B-00C04F79EFBC}") = "TipoDelegate", "TipoDelegate\TipoDelegate.csproj", "{831E8B7B-401B-46AA-B96B-7BEC67CAB669}"
EndProject
Global
	GlobalSection(SolutionConfigurationPlatforms) = preSolution
		Debug|Any CPU = Debug|Any CPU
		Release|Any CPU = Release|Any CPU
	EndGlobalSection
	GlobalSection(ProjectConfigurationPlatforms) = postSolution
		{831E8B7B-401B-46AA-B96B-7BEC67CAB669}.Debug|Any CPU.ActiveCfg = Debug|Any CPU
		{831E8B7B-401B-46AA-B96B-7BEC67CAB669}.Debug|Any CPU.Build.0 = Debug|Any CPU
		{831E8B7B-401B-46AA-B96B-7BEC67CAB669}.Release|Any CPU.ActiveCfg = Release|Any CPU
		{831E8B7B-401B-46AA-B96B-7BEC67CAB669}.Release|Any CPU.Build.0 = Release|Any CPU
	EndGlobalSection
	GlobalSection(SolutionProperties) = preSolution
		HideSolutionNode = FALSE
	EndGlobalSection
	GlobalSection(ExtensibilityGlobals) = postSolution
		SolutionGuid = {652458D0-68F1-49F0-A5DE-8E45B760344C}
	EndGlobalSection
EndGlobal
