
Microsoft Visual Studio Solution File, Format Version 12.00
# Visual Studio Version 17
VisualStudioVersion = 17.8.34525.116
MinimumVisualStudioVersion = 10.0.40219.1
Project("{FAE04EC0-301F-11D3-BF4B-00C04F79EFBC}") = "SistemaLogin", "SistemaLogin\SistemaLogin.csproj", "{5973EDFE-14BC-43BA-ACF8-EF9AC8C83D86}"
EndProject
Global
	GlobalSection(SolutionConfigurationPlatforms) = preSolution
		Debug|Any CPU = Debug|Any CPU
		Release|Any CPU = Release|Any CPU
	EndGlobalSection
	GlobalSection(ProjectConfigurationPlatforms) = postSolution
		{5973EDFE-14BC-43BA-ACF8-EF9AC8C83D86}.Debug|Any CPU.ActiveCfg = Debug|Any CPU
		{5973EDFE-14BC-43BA-ACF8-EF9AC8C83D86}.Debug|Any CPU.Build.0 = Debug|Any CPU
		{5973EDFE-14BC-43BA-ACF8-EF9AC8C83D86}.Release|Any CPU.ActiveCfg = Release|Any CPU
		{5973EDFE-14BC-43BA-ACF8-EF9AC8C83D86}.Release|Any CPU.Build.0 = Release|Any CPU
	EndGlobalSection
	GlobalSection(SolutionProperties) = preSolution
		HideSolutionNode = FALSE
	EndGlobalSection
	GlobalSection(ExtensibilityGlobals) = postSolution
		SolutionGuid = {20D3F9B4-ACD7-49EE-B3C5-339D4465918E}
	EndGlobalSection
EndGlobal
