
Microsoft Visual Studio Solution File, Format Version 12.00
# Visual Studio Version 17
VisualStudioVersion = 17.8.34525.116
MinimumVisualStudioVersion = 10.0.40219.1
Project("{FAE04EC0-301F-11D3-BF4B-00C04F79EFBC}") = "Controle", "Controle\Controle.csproj", "{890EB1D8-DFEF-4C28-9BE7-7275891FE35E}"
EndProject
Global
	GlobalSection(SolutionConfigurationPlatforms) = preSolution
		Debug|Any CPU = Debug|Any CPU
		Release|Any CPU = Release|Any CPU
	EndGlobalSection
	GlobalSection(ProjectConfigurationPlatforms) = postSolution
		{890EB1D8-DFEF-4C28-9BE7-7275891FE35E}.Debug|Any CPU.ActiveCfg = Debug|Any CPU
		{890EB1D8-DFEF-4C28-9BE7-7275891FE35E}.Debug|Any CPU.Build.0 = Debug|Any CPU
		{890EB1D8-DFEF-4C28-9BE7-7275891FE35E}.Release|Any CPU.ActiveCfg = Release|Any CPU
		{890EB1D8-DFEF-4C28-9BE7-7275891FE35E}.Release|Any CPU.Build.0 = Release|Any CPU
	EndGlobalSection
	GlobalSection(SolutionProperties) = preSolution
		HideSolutionNode = FALSE
	EndGlobalSection
	GlobalSection(ExtensibilityGlobals) = postSolution
		SolutionGuid = {EFCDB3DE-0E3D-4EFD-8A7D-DA5A7979B3A0}
	EndGlobalSection
EndGlobal
